
Microsoft Visual Studio Solution File, Format Version 12.00
# Visual Studio 15
VisualStudioVersion = 15.0.28010.2050
MinimumVisualStudioVersion = 10.0.40219.1
Project("{8BC9CEB8-8B4A-11D0-8D11-00A0C91BC942}") = "AdventOfCode2018", "AdventOfCode2018.vcxproj", "{730F9DA2-FF2F-41A4-8D6D-398BC794CC92}"
EndProject
Global
	GlobalSection(SolutionConfigurationPlatforms) = preSolution
		Debug|x64 = Debug|x64
		Debug|x86 = Debug|x86
		Release|x64 = Release|x64
		Release|x86 = Release|x86
	EndGlobalSection
	GlobalSection(ProjectConfigurationPlatforms) = postSolution
		{730F9DA2-FF2F-41A4-8D6D-398BC794CC92}.Debug|x64.ActiveCfg = Debug|x64
		{730F9DA2-FF2F-41A4-8D6D-398BC794CC92}.Debug|x64.Build.0 = Debug|x64
		{730F9DA2-FF2F-41A4-8D6D-398BC794CC92}.Debug|x86.ActiveCfg = Debug|Win32
		{730F9DA2-FF2F-41A4-8D6D-398BC794CC92}.Debug|x86.Build.0 = Debug|Win32
		{730F9DA2-FF2F-41A4-8D6D-398BC794CC92}.Release|x64.ActiveCfg = Release|x64
		{730F9DA2-FF2F-41A4-8D6D-398BC794CC92}.Release|x64.Build.0 = Release|x64
		{730F9DA2-FF2F-41A4-8D6D-398BC794CC92}.Release|x86.ActiveCfg = Release|Win32
		{730F9DA2-FF2F-41A4-8D6D-398BC794CC92}.Release|x86.Build.0 = Release|Win32
	EndGlobalSection
	GlobalSection(SolutionProperties) = preSolution
		HideSolutionNode = FALSE
	EndGlobalSection
	GlobalSection(ExtensibilityGlobals) = postSolution
		SolutionGuid = {99BD2D7E-200C-451F-A664-269C28142F36}
	EndGlobalSection
EndGlobal
